
Microsoft Visual Studio Solution File, Format Version 12.00
# Visual Studio Version 16
VisualStudioVersion = 16.0.30011.22
MinimumVisualStudioVersion = 10.0.40219.1
Project("{FAE04EC0-301F-11D3-BF4B-00C04F79EFBC}") = "KT20_19287398123", "KT20_19287398123\KT20_19287398123.csproj", "{6ADBF3CA-5DA4-40BC-AB98-1CF6B65668D4}"
EndProject
Global
	GlobalSection(SolutionConfigurationPlatforms) = preSolution
		Debug|Any CPU = Debug|Any CPU
		Release|Any CPU = Release|Any CPU
	EndGlobalSection
	GlobalSection(ProjectConfigurationPlatforms) = postSolution
		{6ADBF3CA-5DA4-40BC-AB98-1CF6B65668D4}.Debug|Any CPU.ActiveCfg = Debug|Any CPU
		{6ADBF3CA-5DA4-40BC-AB98-1CF6B65668D4}.Debug|Any CPU.Build.0 = Debug|Any CPU
		{6ADBF3CA-5DA4-40BC-AB98-1CF6B65668D4}.Release|Any CPU.ActiveCfg = Release|Any CPU
		{6ADBF3CA-5DA4-40BC-AB98-1CF6B65668D4}.Release|Any CPU.Build.0 = Release|Any CPU
	EndGlobalSection
	GlobalSection(SolutionProperties) = preSolution
		HideSolutionNode = FALSE
	EndGlobalSection
	GlobalSection(ExtensibilityGlobals) = postSolution
		SolutionGuid = {3FF7E830-449B-41FB-8809-1F7ADF555B55}
	EndGlobalSection
EndGlobal
